[[package]]
name = "bitflags"
version = "1.1.0"
source = "registry+https://github.com/rust-lang/crates.io-index"

[[package]]
name = "cc"
version = "1.0.45"
source = "registry+https://github.com/rust-lang/crates.io-index"

[[package]]
name = "fnv"
version = "1.0.6"
source = "registry+https://github.com/rust-lang/crates.io-index"

[[package]]
name = "pkg-config"
version = "0.3.16"
source = "registry+https://github.com/rust-lang/crates.io-index"

[[package]]
name = "projectname"
version = "0.0.1"
dependencies = [
 "web-view 0.1.3 (git+https://github.com/huytd/web-view)",
]

[[package]]
name = "urlencoding"
version = "1.0.0"
source = "registry+https://github.com/rust-lang/crates.io-index"

[[package]]
name = "web-view"
version = "0.1.3"
source = "git+https://github.com/huytd/web-view#6793dd4b6364f0dba9b52f77a6bb71790dcb52b3"
dependencies = [
 "fnv 1.0.6 (registry+https://github.com/rust-lang/crates.io-index)",
 "urlencoding 1.0.0 (registry+https://github.com/rust-lang/crates.io-index)",
 "webview-sys 0.1.0 (git+https://github.com/huytd/web-view)",
]

[[package]]
name = "webview-sys"
version = "0.1.0"
source = "git+https://github.com/huytd/web-view#6793dd4b6364f0dba9b52f77a6bb71790dcb52b3"
dependencies = [
 "bitflags 1.1.0 (registry+https://github.com/rust-lang/crates.io-index)",
 "cc 1.0.45 (registry+https://github.com/rust-lang/crates.io-index)",
 "pkg-config 0.3.16 (registry+https://github.com/rust-lang/crates.io-index)",
]

[metadata]
"checksum bitflags 1.1.0 (registry+https://github.com/rust-lang/crates.io-index)" = "3d155346769a6855b86399e9bc3814ab343cd3d62c7e985113d46a0ec3c281fd"
"checksum cc 1.0.45 (registry+https://github.com/rust-lang/crates.io-index)" = "4fc9a35e1f4290eb9e5fc54ba6cf40671ed2a2514c3eeb2b2a908dda2ea5a1be"
"checksum fnv 1.0.6 (registry+https://github.com/rust-lang/crates.io-index)" = "2fad85553e09a6f881f739c29f0b00b0f01357c743266d478b68951ce23285f3"
"checksum pkg-config 0.3.16 (registry+https://github.com/rust-lang/crates.io-index)" = "72d5370d90f49f70bd033c3d75e87fc529fbfff9d6f7cccef07d6170079d91ea"
"checksum urlencoding 1.0.0 (registry+https://github.com/rust-lang/crates.io-index)" = "3df3561629a8bb4c57e5a2e4c43348d9e29c7c29d9b1c4c1f47166deca8f37ed"
"checksum web-view 0.1.3 (git+https://github.com/huytd/web-view)" = "<none>"
"checksum webview-sys 0.1.0 (git+https://github.com/huytd/web-view)" = "<none>"
